{
  "name": "mushualberto",
  "version": "0.1.0",
  "lockfileVersion": 3,
  "requires": true,
  "packages": {
    "": { // Representa tu proyecto raíz
      "name": "mushualberto",
      "version": "0.1.0",
      "dependencies": {
        "react": "^19.1.0",
        // ... todas tus otras dependencias directas
      },
      "devDependencies": {
        "@types/react": "^18.2.0",
        // ... todas tus otras devDependencies
      }
    },
    // ... MUCHAS OTRAS ENTRADAS PARA SUB-DEPENDENCIAS ...
    "node_modules/react": { // Entrada para el paquete 'react'
      "version": "19.1.0", // Versión exacta instalada
      "resolved": "https://registry.npmjs.org/react/-/react-19.1.0.tgz", // Desde dónde se descargó
      "integrity": "sha512-XXXXYYYYZZZZ....", // Hash de integridad (muy largo)
      "dependencies": { // Dependencias de React
        "loose-envify": "^1.1.0"
        // ... otras dependencias de React ...
      },
      "peerDependencies": {
        "react-server-dom-webpack": "^0.0.0-experimental-0db1e0843-20240704"
      }
    },
    // ... MUCHAS OTRAS ENTRADAS PARA SUB-DEPENDENCIAS ...
  }
}